
Microsoft Visual Studio Solution File, Format Version 12.00
# Visual Studio Version 16
VisualStudioVersion = 16.0.31424.327
MinimumVisualStudioVersion = 10.0.40219.1
Project("{FAE04EC0-301F-11D3-BF4B-00C04F79EFBC}") = "Battleships", "Battleships.csproj", "{C09E79DA-D8D5-4193-A504-D52257A04A2B}"
EndProject
Global
	GlobalSection(SolutionConfigurationPlatforms) = preSolution
		Debug|Any CPU = Debug|Any CPU
		Release|Any CPU = Release|Any CPU
	EndGlobalSection
	GlobalSection(ProjectConfigurationPlatforms) = postSolution
		{C09E79DA-D8D5-4193-A504-D52257A04A2B}.Debug|Any CPU.ActiveCfg = Debug|Any CPU
		{C09E79DA-D8D5-4193-A504-D52257A04A2B}.Debug|Any CPU.Build.0 = Debug|Any CPU
		{C09E79DA-D8D5-4193-A504-D52257A04A2B}.Release|Any CPU.ActiveCfg = Release|Any CPU
		{C09E79DA-D8D5-4193-A504-D52257A04A2B}.Release|Any CPU.Build.0 = Release|Any CPU
	EndGlobalSection
	GlobalSection(SolutionProperties) = preSolution
		HideSolutionNode = FALSE
	EndGlobalSection
	GlobalSection(ExtensibilityGlobals) = postSolution
		SolutionGuid = {029CFD8D-4BC0-48D6-81DB-7C00EF0648E9}
	EndGlobalSection
EndGlobal
